
Microsoft Visual Studio Solution File, Format Version 12.00
# Visual Studio Version 17
VisualStudioVersion = 17.7.34031.279
MinimumVisualStudioVersion = 10.0.40219.1
Project("{FAE04EC0-301F-11D3-BF4B-00C04F79EFBC}") = "Jogo_DicerPoker", "Jogo_DicerPoker\Jogo_DicerPoker.csproj", "{B2073B6D-2699-480A-AFA9-28420BD6D834}"
EndProject
Global
	GlobalSection(SolutionConfigurationPlatforms) = preSolution
		Debug|Any CPU = Debug|Any CPU
		Release|Any CPU = Release|Any CPU
	EndGlobalSection
	GlobalSection(ProjectConfigurationPlatforms) = postSolution
		{B2073B6D-2699-480A-AFA9-28420BD6D834}.Debug|Any CPU.ActiveCfg = Debug|Any CPU
		{B2073B6D-2699-480A-AFA9-28420BD6D834}.Debug|Any CPU.Build.0 = Debug|Any CPU
		{B2073B6D-2699-480A-AFA9-28420BD6D834}.Release|Any CPU.ActiveCfg = Release|Any CPU
		{B2073B6D-2699-480A-AFA9-28420BD6D834}.Release|Any CPU.Build.0 = Release|Any CPU
	EndGlobalSection
	GlobalSection(SolutionProperties) = preSolution
		HideSolutionNode = FALSE
	EndGlobalSection
	GlobalSection(ExtensibilityGlobals) = postSolution
		SolutionGuid = {013FE66B-F634-4F1A-BAD4-42CA842F07AB}
	EndGlobalSection
EndGlobal
