
Microsoft Visual Studio Solution File, Format Version 12.00
# Visual Studio Version 17
VisualStudioVersion = 17.7.34031.279
MinimumVisualStudioVersion = 10.0.40219.1
Project("{FAE04EC0-301F-11D3-BF4B-00C04F79EFBC}") = "FT02ex02", "FT02ex02\FT02ex02.csproj", "{C24748D2-25DB-4F30-BE6A-AFD558492BBA}"
EndProject
Global
	GlobalSection(SolutionConfigurationPlatforms) = preSolution
		Debug|Any CPU = Debug|Any CPU
		Release|Any CPU = Release|Any CPU
	EndGlobalSection
	GlobalSection(ProjectConfigurationPlatforms) = postSolution
		{C24748D2-25DB-4F30-BE6A-AFD558492BBA}.Debug|Any CPU.ActiveCfg = Debug|Any CPU
		{C24748D2-25DB-4F30-BE6A-AFD558492BBA}.Debug|Any CPU.Build.0 = Debug|Any CPU
		{C24748D2-25DB-4F30-BE6A-AFD558492BBA}.Release|Any CPU.ActiveCfg = Release|Any CPU
		{C24748D2-25DB-4F30-BE6A-AFD558492BBA}.Release|Any CPU.Build.0 = Release|Any CPU
	EndGlobalSection
	GlobalSection(SolutionProperties) = preSolution
		HideSolutionNode = FALSE
	EndGlobalSection
	GlobalSection(ExtensibilityGlobals) = postSolution
		SolutionGuid = {442CD096-B991-4D06-BEB1-CA4C853FF15D}
	EndGlobalSection
EndGlobal
