
Microsoft Visual Studio Solution File, Format Version 12.00
# Visual Studio Version 17
VisualStudioVersion = 17.7.34031.279
MinimumVisualStudioVersion = 10.0.40219.1
Project("{FAE04EC0-301F-11D3-BF4B-00C04F79EFBC}") = "Calculadora", "Calculadora\Calculadora.csproj", "{3D57DF1D-C98F-4AF6-9ADF-D734BF1917D0}"
EndProject
Global
	GlobalSection(SolutionConfigurationPlatforms) = preSolution
		Debug|Any CPU = Debug|Any CPU
		Release|Any CPU = Release|Any CPU
	EndGlobalSection
	GlobalSection(ProjectConfigurationPlatforms) = postSolution
		{3D57DF1D-C98F-4AF6-9ADF-D734BF1917D0}.Debug|Any CPU.ActiveCfg = Debug|Any CPU
		{3D57DF1D-C98F-4AF6-9ADF-D734BF1917D0}.Debug|Any CPU.Build.0 = Debug|Any CPU
		{3D57DF1D-C98F-4AF6-9ADF-D734BF1917D0}.Release|Any CPU.ActiveCfg = Release|Any CPU
		{3D57DF1D-C98F-4AF6-9ADF-D734BF1917D0}.Release|Any CPU.Build.0 = Release|Any CPU
	EndGlobalSection
	GlobalSection(SolutionProperties) = preSolution
		HideSolutionNode = FALSE
	EndGlobalSection
	GlobalSection(ExtensibilityGlobals) = postSolution
		SolutionGuid = {4BAD7724-E7F5-46DD-A670-D441B720E3DB}
	EndGlobalSection
EndGlobal
