
Microsoft Visual Studio Solution File, Format Version 12.00
# Visual Studio Version 17
VisualStudioVersion = 17.7.34202.233
MinimumVisualStudioVersion = 10.0.40219.1
Project("{FAE04EC0-301F-11D3-BF4B-00C04F79EFBC}") = "CALCULADORA_CERTA", "CALCULADORA_CERTA\CALCULADORA_CERTA.csproj", "{446EB891-2BDB-48E6-BE66-4F429A31BD23}"
EndProject
Global
	GlobalSection(SolutionConfigurationPlatforms) = preSolution
		Debug|Any CPU = Debug|Any CPU
		Release|Any CPU = Release|Any CPU
	EndGlobalSection
	GlobalSection(ProjectConfigurationPlatforms) = postSolution
		{446EB891-2BDB-48E6-BE66-4F429A31BD23}.Debug|Any CPU.ActiveCfg = Debug|Any CPU
		{446EB891-2BDB-48E6-BE66-4F429A31BD23}.Debug|Any CPU.Build.0 = Debug|Any CPU
		{446EB891-2BDB-48E6-BE66-4F429A31BD23}.Release|Any CPU.ActiveCfg = Release|Any CPU
		{446EB891-2BDB-48E6-BE66-4F429A31BD23}.Release|Any CPU.Build.0 = Release|Any CPU
	EndGlobalSection
	GlobalSection(SolutionProperties) = preSolution
		HideSolutionNode = FALSE
	EndGlobalSection
	GlobalSection(ExtensibilityGlobals) = postSolution
		SolutionGuid = {8B4D253C-99F1-4234-9AD4-4F1AF3A53AF1}
	EndGlobalSection
EndGlobal
